
Microsoft Visual Studio Solution File, Format Version 12.00
# Visual Studio for Mac
Project("{FAE04EC0-301F-11D3-BF4B-00C04F79EFBC}") = "Assembly-CSharp", "Assembly-CSharp.csproj", "{4940436E-FB4B-D345-3A34-148202DF205B}"
EndProject
Project("{FAE04EC0-301F-11D3-BF4B-00C04F79EFBC}") = "Assembly-CSharp-Editor", "Assembly-CSharp-Editor.csproj", "{B086475E-E74A-5CF6-D1E8-BFF84BC3CDBF}"
EndProject
Global
	GlobalSection(SolutionConfigurationPlatforms) = preSolution
		Debug|Any CPU = Debug|Any CPU
		Release|Any CPU = Release|Any CPU
	EndGlobalSection
	GlobalSection(ProjectConfigurationPlatforms) = postSolution
		{4940436E-FB4B-D345-3A34-148202DF205B}.Debug|Any CPU.ActiveCfg = Debug|Any CPU
		{4940436E-FB4B-D345-3A34-148202DF205B}.Debug|Any CPU.Build.0 = Debug|Any CPU
		{4940436E-FB4B-D345-3A34-148202DF205B}.Release|Any CPU.ActiveCfg = Release|Any CPU
		{4940436E-FB4B-D345-3A34-148202DF205B}.Release|Any CPU.Build.0 = Release|Any CPU
		{B086475E-E74A-5CF6-D1E8-BFF84BC3CDBF}.Debug|Any CPU.ActiveCfg = Debug|Any CPU
		{B086475E-E74A-5CF6-D1E8-BFF84BC3CDBF}.Debug|Any CPU.Build.0 = Debug|Any CPU
		{B086475E-E74A-5CF6-D1E8-BFF84BC3CDBF}.Release|Any CPU.ActiveCfg = Release|Any CPU
		{B086475E-E74A-5CF6-D1E8-BFF84BC3CDBF}.Release|Any CPU.Build.0 = Release|Any CPU
	EndGlobalSection
	GlobalSection(SolutionProperties) = preSolution
		HideSolutionNode = FALSE
	EndGlobalSection
EndGlobal
